
Microsoft Visual Studio Solution File, Format Version 12.00
# Visual Studio Version 16
VisualStudioVersion = 16.0.29209.152
MinimumVisualStudioVersion = 10.0.40219.1
Project("{FAE04EC0-301F-11D3-BF4B-00C04F79EFBC}") = "TranslatorDesign", "TranslatorDesign.csproj", "{C3FF8369-444C-44D6-8409-2186837C2530}"
EndProject
Global
	GlobalSection(SolutionConfigurationPlatforms) = preSolution
		Debug|Any CPU = Debug|Any CPU
		Release|Any CPU = Release|Any CPU
	EndGlobalSection
	GlobalSection(ProjectConfigurationPlatforms) = postSolution
		{C3FF8369-444C-44D6-8409-2186837C2530}.Debug|Any CPU.ActiveCfg = Debug|Any CPU
		{C3FF8369-444C-44D6-8409-2186837C2530}.Debug|Any CPU.Build.0 = Debug|Any CPU
		{C3FF8369-444C-44D6-8409-2186837C2530}.Release|Any CPU.ActiveCfg = Release|Any CPU
		{C3FF8369-444C-44D6-8409-2186837C2530}.Release|Any CPU.Build.0 = Release|Any CPU
	EndGlobalSection
	GlobalSection(SolutionProperties) = preSolution
		HideSolutionNode = FALSE
	EndGlobalSection
	GlobalSection(ExtensibilityGlobals) = postSolution
		SolutionGuid = {81715C98-F000-4459-AD99-B96DD2EEDD85}
	EndGlobalSection
EndGlobal
